<?xml version="1.0" encoding="utf-8"?>
<Project ToolsVersion="4.0" xmlns="http://schemas.microsoft.com/developer/msbuild/2003">
  <ItemGroup>
    <Filter Include="Source Files">
      <UniqueIdentifier>{4FC737F1-C7A5-4376-A066-2A32D752A2FF}</UniqueIdentifier>
      <Extensions>cpp;cxx;c;def</Extensions>
    </Filter>
    <Filter Include="Header Files">
      <UniqueIdentifier>{93995380-89BD-4b04-88EB-625FBE52EBFB}</UniqueIdentifier>
      <Extensions>h</Extensions>
    </Filter>
    <Filter Include="Form Files">
      <UniqueIdentifier>{99349809-55BA-4b9d-BF79-8FDBB0286EB3}</UniqueIdentifier>
      <Extensions>ui</Extensions>
    </Filter>
    <Filter Include="Resource Files">
      <UniqueIdentifier>{D9D6E242-F8AF-46E4-B9FD-80ECBC20BA3E}</UniqueIdentifier>
      <Extensions>qrc;*</Extensions>
      <ParseFiles>false</ParseFiles>
    </Filter>
    <Filter Include="Generated Files">
      <UniqueIdentifier>{71ED8ED8-ACB9-4CE9-BBE1-E00B30144E11}</UniqueIdentifier>
      <Extensions>moc;h;cpp</Extensions>
      <SourceControlFiles>False</SourceControlFiles>
    </Filter>
    <Filter Include="Generated Files\Debug">
      <UniqueIdentifier>{d1828aa4-9b20-41ba-a53e-23587c501835}</UniqueIdentifier>
      <Extensions>cpp;moc</Extensions>
      <SourceControlFiles>False</SourceControlFiles>
    </Filter>
    <Filter Include="Generated Files\Release">
      <UniqueIdentifier>{29572ecc-7090-470d-ac03-e07c95d704cd}</UniqueIdentifier>
      <Extensions>cpp;moc</Extensions>
      <SourceControlFiles>False</SourceControlFiles>
    </Filter>
  </ItemGroup>
  <ItemGroup>
    <ClCompile Include="main.cpp">
      <Filter>Source Files</Filter>
    </ClCompile>
    <ClCompile Include="seavipers2.cpp">
      <Filter>Source Files</Filter>
    </ClCompile>
    <ClCompile Include="GeneratedFiles\Debug\moc_seavipers2.cpp">
      <Filter>Generated Files\Debug</Filter>
    </ClCompile>
    <ClCompile Include="GeneratedFiles\Release\moc_seavipers2.cpp">
      <Filter>Generated Files\Release</Filter>
    </ClCompile>
    <ClCompile Include="GeneratedFiles\qrc_seavipers2.cpp">
      <Filter>Generated Files</Filter>
    </ClCompile>
    <ClCompile Include="BB.cpp">
      <Filter>Source Files</Filter>
    </ClCompile>
    <ClCompile Include="BBPredict.cpp">
      <Filter>Source Files</Filter>
    </ClCompile>
    <ClCompile Include="blob.cpp">
      <Filter>Source Files</Filter>
    </ClCompile>
    <ClCompile Include="BlobContour.cpp">
      <Filter>Source Files</Filter>
    </ClCompile>
    <ClCompile Include="BlobOperators.cpp">
      <Filter>Source Files</Filter>
    </ClCompile>
    <ClCompile Include="BlobProperties.cpp">
      <Filter>Source Files</Filter>
    </ClCompile>
    <ClCompile Include="BlobResult.cpp">
      <Filter>Source Files</Filter>
    </ClCompile>
    <ClCompile Include="Clustering.cpp">
      <Filter>Source Files</Filter>
    </ClCompile>
    <ClCompile Include="ComponentLabeling.cpp">
      <Filter>Source Files</Filter>
    </ClCompile>
    <ClCompile Include="DetectionResult.cpp">
      <Filter>Source Files</Filter>
    </ClCompile>
    <ClCompile Include="DetectorCascade.cpp">
      <Filter>Source Files</Filter>
    </ClCompile>
    <ClCompile Include="EnsembleClassifier.cpp">
      <Filter>Source Files</Filter>
    </ClCompile>
    <ClCompile Include="FBTrack.cpp">
      <Filter>Source Files</Filter>
    </ClCompile>
    <ClCompile Include="ForegroundDetector.cpp">
      <Filter>Source Files</Filter>
    </ClCompile>
    <ClCompile Include="ImAcq.cpp">
      <Filter>Source Files</Filter>
    </ClCompile>
    <ClCompile Include="Lk.cpp">
      <Filter>Source Files</Filter>
    </ClCompile>
    <ClCompile Include="Median.cpp">
      <Filter>Source Files</Filter>
    </ClCompile>
    <ClCompile Include="MedianFlowTracker.cpp">
      <Filter>Source Files</Filter>
    </ClCompile>
    <ClCompile Include="NNClassifier.cpp">
      <Filter>Source Files</Filter>
    </ClCompile>
    <ClCompile Include="TLD.cpp">
      <Filter>Source Files</Filter>
    </ClCompile>
    <ClCompile Include="TLDUtil.cpp">
      <Filter>Source Files</Filter>
    </ClCompile>
    <ClCompile Include="VarianceFilter.cpp">
      <Filter>Source Files</Filter>
    </ClCompile>
    <ClCompile Include="GeneratedFiles\Debug\moc_Rangefinder.cpp">
      <Filter>Generated Files\Debug</Filter>
    </ClCompile>
    <ClCompile Include="GeneratedFiles\Release\moc_Rangefinder.cpp">
      <Filter>Generated Files\Release</Filter>
    </ClCompile>
    <ClCompile Include="Rangefinder.cpp">
      <Filter>Source Files</Filter>
    </ClCompile>
    <ClCompile Include="PanTilt.cpp">
      <Filter>Source Files</Filter>
    </ClCompile>
    <ClCompile Include="GeneratedFiles\Debug\moc_PanTilt.cpp">
      <Filter>Generated Files\Debug</Filter>
    </ClCompile>
    <ClCompile Include="GeneratedFiles\Release\moc_PanTilt.cpp">
      <Filter>Generated Files\Release</Filter>
    </ClCompile>
  </ItemGroup>
  <ItemGroup>
    <CustomBuild Include="seavipers2.h">
      <Filter>Header Files</Filter>
    </CustomBuild>
    <CustomBuild Include="seavipers2.ui">
      <Filter>Form Files</Filter>
    </CustomBuild>
    <CustomBuild Include="seavipers2.qrc">
      <Filter>Resource Files</Filter>
    </CustomBuild>
    <CustomBuild Include="Rangefinder.h">
      <Filter>Header Files</Filter>
    </CustomBuild>
    <CustomBuild Include="PanTilt.h">
      <Filter>Header Files</Filter>
    </CustomBuild>
  </ItemGroup>
  <ItemGroup>
    <ClInclude Include="GeneratedFiles\ui_seavipers2.h">
      <Filter>Generated Files</Filter>
    </ClInclude>
    <ClInclude Include="BB.h">
      <Filter>Header Files</Filter>
    </ClInclude>
    <ClInclude Include="BBPredict.h">
      <Filter>Header Files</Filter>
    </ClInclude>
    <ClInclude Include="blob.h">
      <Filter>Header Files</Filter>
    </ClInclude>
    <ClInclude Include="BlobContour.h">
      <Filter>Header Files</Filter>
    </ClInclude>
    <ClInclude Include="BlobLibraryConfiguration.h">
      <Filter>Header Files</Filter>
    </ClInclude>
    <ClInclude Include="BlobOperators.h">
      <Filter>Header Files</Filter>
    </ClInclude>
    <ClInclude Include="BlobProperties.h">
      <Filter>Header Files</Filter>
    </ClInclude>
    <ClInclude Include="BlobResult.h">
      <Filter>Header Files</Filter>
    </ClInclude>
    <ClInclude Include="Clustering.h">
      <Filter>Header Files</Filter>
    </ClInclude>
    <ClInclude Include="ComponentLabeling.h">
      <Filter>Header Files</Filter>
    </ClInclude>
    <ClInclude Include="DetectionResult.h">
      <Filter>Header Files</Filter>
    </ClInclude>
    <ClInclude Include="DetectorCascade.h">
      <Filter>Header Files</Filter>
    </ClInclude>
    <ClInclude Include="EnsembleClassifier.h">
      <Filter>Header Files</Filter>
    </ClInclude>
    <ClInclude Include="FBTrack.h">
      <Filter>Header Files</Filter>
    </ClInclude>
    <ClInclude Include="ForegroundDetector.h">
      <Filter>Header Files</Filter>
    </ClInclude>
    <ClInclude Include="ImAcq.h">
      <Filter>Header Files</Filter>
    </ClInclude>
    <ClInclude Include="IntegralImage.h">
      <Filter>Header Files</Filter>
    </ClInclude>
    <ClInclude Include="Lk.h">
      <Filter>Header Files</Filter>
    </ClInclude>
    <ClInclude Include="Median.h">
      <Filter>Header Files</Filter>
    </ClInclude>
    <ClInclude Include="MedianFlowTracker.h">
      <Filter>Header Files</Filter>
    </ClInclude>
    <ClInclude Include="NNClassifier.h">
      <Filter>Header Files</Filter>
    </ClInclude>
    <ClInclude Include="NormalizedPatch.h">
      <Filter>Header Files</Filter>
    </ClInclude>
    <ClInclude Include="TLD.h">
      <Filter>Header Files</Filter>
    </ClInclude>
    <ClInclude Include="TLDUtil.h">
      <Filter>Header Files</Filter>
    </ClInclude>
    <ClInclude Include="VarianceFilter.h">
      <Filter>Header Files</Filter>
    </ClInclude>
  </ItemGroup>
  <ItemGroup>
    <ResourceCompile Include="SeaVipers2.rc" />
  </ItemGroup>
</Project>